// !$*UTF8*$!
{
	archiveVersion = 1;
	classes = {
	};
	objectVersion = 50;
	objects = {

/* Begin PBXBuildFile section */
		43B49020212986B7007AD3A0 /* AppDelegate.swift in Sources */ = {isa = PBXBuildFile; fileRef = 43B4901F212986B7007AD3A0 /* AppDelegate.swift */; };
		43B49022212986B7007AD3A0 /* ViewController.swift in Sources */ = {isa = PBXBuildFile; fileRef = 43B49021212986B7007AD3A0 /* ViewController.swift */; };
		43B49024212986B8007AD3A0 /* Assets.xcassets in Resources */ = {isa = PBXBuildFile; fileRef = 43B49023212986B8007AD3A0 /* Assets.xcassets */; };
		43B49027212986B8007AD3A0 /* Main.storyboard in Resources */ = {isa = PBXBuildFile; fileRef = 43B49025212986B8007AD3A0 /* Main.storyboard */; };
		43B4903021298DBF007AD3A0 /* Renderer.swift in Sources */ = {isa = PBXBuildFile; fileRef = 43B4902F21298DBF007AD3A0 /* Renderer.swift */; };
		43B49032212991C2007AD3A0 /* Primitive.swift in Sources */ = {isa = PBXBuildFile; fileRef = 43B49031212991C2007AD3A0 /* Primitive.swift */; };
		43B49036212B2457007AD3A0 /* Shaders.metal in Sources */ = {isa = PBXBuildFile; fileRef = 43B49035212B2457007AD3A0 /* Shaders.metal */; };
		8180191E212C28F800A07CDD /* train.obj in Resources */ = {isa = PBXBuildFile; fileRef = 8180191C212C28F800A07CDD /* train.obj */; };
		8180191F212C28F800A07CDD /* train.mtl in Resources */ = {isa = PBXBuildFile; fileRef = 8180191D212C28F800A07CDD /* train.mtl */; };
/* End PBXBuildFile section */

/* Begin PBXFileReference section */
		43B4901C212986B7007AD3A0 /* Chapter 3.app */ = {isa = PBXFileReference; explicitFileType = wrapper.application; includeInIndex = 0; path = "Chapter 3.app"; sourceTree = BUILT_PRODUCTS_DIR; };
		43B4901F212986B7007AD3A0 /* AppDelegate.swift */ = {isa = PBXFileReference; lastKnownFileType = sourcecode.swift; path = AppDelegate.swift; sourceTree = "<group>"; };
		43B49021212986B7007AD3A0 /* ViewController.swift */ = {isa = PBXFileReference; lastKnownFileType = sourcecode.swift; path = ViewController.swift; sourceTree = "<group>"; };
		43B49023212986B8007AD3A0 /* Assets.xcassets */ = {isa = PBXFileReference; lastKnownFileType = folder.assetcatalog; path = Assets.xcassets; sourceTree = "<group>"; };
		43B49026212986B8007AD3A0 /* Base */ = {isa = PBXFileReference; lastKnownFileType = file.storyboard; name = Base; path = Base.lproj/Main.storyboard; sourceTree = "<group>"; };
		43B49028212986B8007AD3A0 /* Info.plist */ = {isa = PBXFileReference; lastKnownFileType = text.plist.xml; path = Info.plist; sourceTree = "<group>"; };
		43B49029212986B8007AD3A0 /* Chapter_3.entitlements */ = {isa = PBXFileReference; lastKnownFileType = text.plist.entitlements; path = Chapter_3.entitlements; sourceTree = "<group>"; };
		43B4902F21298DBF007AD3A0 /* Renderer.swift */ = {isa = PBXFileReference; lastKnownFileType = sourcecode.swift; path = Renderer.swift; sourceTree = "<group>"; };
		43B49031212991C2007AD3A0 /* Primitive.swift */ = {isa = PBXFileReference; lastKnownFileType = sourcecode.swift; path = Primitive.swift; sourceTree = "<group>"; };
		43B49035212B2457007AD3A0 /* Shaders.metal */ = {isa = PBXFileReference; lastKnownFileType = sourcecode.metal; path = Shaders.metal; sourceTree = "<group>"; };
		8180191C212C28F800A07CDD /* train.obj */ = {isa = PBXFileReference; fileEncoding = 4; lastKnownFileType = text; path = train.obj; sourceTree = "<group>"; };
		8180191D212C28F800A07CDD /* train.mtl */ = {isa = PBXFileReference; fileEncoding = 4; lastKnownFileType = text; path = train.mtl; sourceTree = "<group>"; };
/* End PBXFileReference section */

/* Begin PBXFrameworksBuildPhase section */
		43B49019212986B7007AD3A0 /* Frameworks */ = {
			isa = PBXFrameworksBuildPhase;
			buildActionMask = 2147483647;
			files = (
			);
			runOnlyForDeploymentPostprocessing = 0;
		};
/* End PBXFrameworksBuildPhase section */

/* Begin PBXGroup section */
		43B49013212986B7007AD3A0 = {
			isa = PBXGroup;
			children = (
				43B4901E212986B7007AD3A0 /* Chapter 3 */,
				43B4901D212986B7007AD3A0 /* Products */,
			);
			sourceTree = "<group>";
		};
		43B4901D212986B7007AD3A0 /* Products */ = {
			isa = PBXGroup;
			children = (
				43B4901C212986B7007AD3A0 /* Chapter 3.app */,
			);
			name = Products;
			sourceTree = "<group>";
		};
		43B4901E212986B7007AD3A0 /* Chapter 3 */ = {
			isa = PBXGroup;
			children = (
				43B4901F212986B7007AD3A0 /* AppDelegate.swift */,
				43B49021212986B7007AD3A0 /* ViewController.swift */,
				43B4902F21298DBF007AD3A0 /* Renderer.swift */,
				43B49031212991C2007AD3A0 /* Primitive.swift */,
				43B49035212B2457007AD3A0 /* Shaders.metal */,
				8180191B212C28F800A07CDD /* Models */,
				43B49023212986B8007AD3A0 /* Assets.xcassets */,
				43B49025212986B8007AD3A0 /* Main.storyboard */,
				43B49028212986B8007AD3A0 /* Info.plist */,
				43B49029212986B8007AD3A0 /* Chapter_3.entitlements */,
			);
			path = "Chapter 3";
			sourceTree = "<group>";
		};
		8180191B212C28F800A07CDD /* Models */ = {
			isa = PBXGroup;
			children = (
				8180191C212C28F800A07CDD /* train.obj */,
				8180191D212C28F800A07CDD /* train.mtl */,
			);
			path = Models;
			sourceTree = "<group>";
		};
/* End PBXGroup section */

/* Begin PBXNativeTarget section */
		43B4901B212986B7007AD3A0 /* Chapter 3 */ = {
			isa = PBXNativeTarget;
			buildConfigurationList = 43B4902C212986B8007AD3A0 /* Build configuration list for PBXNativeTarget "Chapter 3" */;
			buildPhases = (
				43B49018212986B7007AD3A0 /* Sources */,
				43B49019212986B7007AD3A0 /* Frameworks */,
				43B4901A212986B7007AD3A0 /* Resources */,
			);
			buildRules = (
			);
			dependencies = (
			);
			name = "Chapter 3";
			productName = "Chapter 3";
			productReference = 43B4901C212986B7007AD3A0 /* Chapter 3.app */;
			productType = "com.apple.product-type.application";
		};
/* End PBXNativeTarget section */

/* Begin PBXProject section */
		43B49014212986B7007AD3A0 /* Project object */ = {
			isa = PBXProject;
			attributes = {
				LastSwiftUpdateCheck = 1000;
				LastUpgradeCheck = 1000;
				ORGANIZATIONNAME = DC;
				TargetAttributes = {
					43B4901B212986B7007AD3A0 = {
						CreatedOnToolsVersion = 10.0;
					};
				};
			};
			buildConfigurationList = 43B49017212986B7007AD3A0 /* Build configuration list for PBXProject "Chapter 3" */;
			compatibilityVersion = "Xcode 9.3";
			developmentRegion = en;
			hasScannedForEncodings = 0;
			knownRegions = (
				en,
				Base,
			);
			mainGroup = 43B49013212986B7007AD3A0;
			productRefGroup = 43B4901D212986B7007AD3A0 /* Products */;
			projectDirPath = "";
			projectRoot = "";
			targets = (
				43B4901B212986B7007AD3A0 /* Chapter 3 */,
			);
		};
/* End PBXProject section */

/* Begin PBXResourcesBuildPhase section */
		43B4901A212986B7007AD3A0 /* Resources */ = {
			isa = PBXResourcesBuildPhase;
			buildActionMask = 2147483647;
			files = (
				43B49024212986B8007AD3A0 /* Assets.xcassets in Resources */,
				43B49027212986B8007AD3A0 /* Main.storyboard in Resources */,
				8180191F212C28F800A07CDD /* train.mtl in Resources */,
				8180191E212C28F800A07CDD /* train.obj in Resources */,
			);
			runOnlyForDeploymentPostprocessing = 0;
		};
/* End PBXResourcesBuildPhase section */

/* Begin PBXSourcesBuildPhase section */
		43B49018212986B7007AD3A0 /* Sources */ = {
			isa = PBXSourcesBuildPhase;
			buildActionMask = 2147483647;
			files = (
				43B49022212986B7007AD3A0 /* ViewController.swift in Sources */,
				43B4903021298DBF007AD3A0 /* Renderer.swift in Sources */,
				43B49020212986B7007AD3A0 /* AppDelegate.swift in Sources */,
				43B49032212991C2007AD3A0 /* Primitive.swift in Sources */,
				43B49036212B2457007AD3A0 /* Shaders.metal in Sources */,
			);
			runOnlyForDeploymentPostprocessing = 0;
		};
/* End PBXSourcesBuildPhase section */

/* Begin PBXVariantGroup section */
		43B49025212986B8007AD3A0 /* Main.storyboard */ = {
			isa = PBXVariantGroup;
			children = (
				43B49026212986B8007AD3A0 /* Base */,
			);
			name = Main.storyboard;
			sourceTree = "<group>";
		};
/* End PBXVariantGroup section */

/* Begin XCBuildConfiguration section */
		43B4902A212986B8007AD3A0 /* Debug */ = {
			isa = XCBuildConfiguration;
			buildSettings = {
				ALWAYS_SEARCH_USER_PATHS = NO;
				CLANG_ANALYZER_NONNULL = YES;
				CLANG_ANALYZER_NUMBER_OBJECT_CONVERSION = YES_AGGRESSIVE;
				CLANG_CXX_LANGUAGE_STANDARD = "gnu++14";
				CLANG_CXX_LIBRARY = "libc++";
				CLANG_ENABLE_MODULES = YES;
				CLANG_ENABLE_OBJC_ARC = YES;
				CLANG_ENABLE_OBJC_WEAK = YES;
				CLANG_WARN_BLOCK_CAPTURE_AUTORELEASING = YES;
				CLANG_WARN_BOOL_CONVERSION = YES;
				CLANG_WARN_COMMA = YES;
				CLANG_WARN_CONSTANT_CONVERSION = YES;
				CLANG_WARN_DEPRECATED_OBJC_IMPLEMENTATIONS = YES;
				CLANG_WARN_DIRECT_OBJC_ISA_USAGE = YES_ERROR;
				CLANG_WARN_DOCUMENTATION_COMMENTS = YES;
				CLANG_WARN_EMPTY_BODY = YES;
				CLANG_WARN_ENUM_CONVERSION = YES;
				CLANG_WARN_INFINITE_RECURSION = YES;
				CLANG_WARN_INT_CONVERSION = YES;
				CLANG_WARN_NON_LITERAL_NULL_CONVERSION = YES;
				CLANG_WARN_OBJC_IMPLICIT_RETAIN_SELF = YES;
				CLANG_WARN_OBJC_LITERAL_CONVERSION = YES;
				CLANG_WARN_OBJC_ROOT_CLASS = YES_ERROR;
				CLANG_WARN_RANGE_LOOP_ANALYSIS = YES;
				CLANG_WARN_STRICT_PROTOTYPES = YES;
				CLANG_WARN_SUSPICIOUS_MOVE = YES;
				CLANG_WARN_UNGUARDED_AVAILABILITY = YES_AGGRESSIVE;
				CLANG_WARN_UNREACHABLE_CODE = YES;
				CLANG_WARN__DUPLICATE_METHOD_MATCH = YES;
				CODE_SIGN_IDENTITY = "Mac Developer";
				COPY_PHASE_STRIP = NO;
				DEBUG_INFORMATION_FORMAT = dwarf;
				ENABLE_STRICT_OBJC_MSGSEND = YES;
				ENABLE_TESTABILITY = YES;
				GCC_C_LANGUAGE_STANDARD = gnu11;
				GCC_DYNAMIC_NO_PIC = NO;
				GCC_NO_COMMON_BLOCKS = YES;
				GCC_OPTIMIZATION_LEVEL = 0;
				GCC_PREPROCESSOR_DEFINITIONS = (
					"DEBUG=1",
					"$(inherited)",
				);
				GCC_WARN_64_TO_32_BIT_CONVERSION = YES;
				GCC_WARN_ABOUT_RETURN_TYPE = YES_ERROR;
				GCC_WARN_UNDECLARED_SELECTOR = YES;
				GCC_WARN_UNINITIALIZED_AUTOS = YES_AGGRESSIVE;
				GCC_WARN_UNUSED_FUNCTION = YES;
				GCC_WARN_UNUSED_VARIABLE = YES;
				MACOSX_DEPLOYMENT_TARGET = 10.14;
				MTL_ENABLE_DEBUG_INFO = INCLUDE_SOURCE;
				ONLY_ACTIVE_ARCH = YES;
				SDKROOT = macosx;
				SWIFT_ACTIVE_COMPILATION_CONDITIONS = DEBUG;
				SWIFT_OPTIMIZATION_LEVEL = "-Onone";
			};
			name = Debug;
		};
		43B4902B212986B8007AD3A0 /* Release */ = {
			isa = XCBuildConfiguration;
			buildSettings = {
				ALWAYS_SEARCH_USER_PATHS = NO;
				CLANG_ANALYZER_NONNULL = YES;
				CLANG_ANALYZER_NUMBER_OBJECT_CONVERSION = YES_AGGRESSIVE;
				CLANG_CXX_LANGUAGE_STANDARD = "gnu++14";
				CLANG_CXX_LIBRARY = "libc++";
				CLANG_ENABLE_MODULES = YES;
				CLANG_ENABLE_OBJC_ARC = YES;
				CLANG_ENABLE_OBJC_WEAK = YES;
				CLANG_WARN_BLOCK_CAPTURE_AUTORELEASING = YES;
				CLANG_WARN_BOOL_CONVERSION = YES;
				CLANG_WARN_COMMA = YES;
				CLANG_WARN_CONSTANT_CONVERSION = YES;
				CLANG_WARN_DEPRECATED_OBJC_IMPLEMENTATIONS = YES;
				CLANG_WARN_DIRECT_OBJC_ISA_USAGE = YES_ERROR;
				CLANG_WARN_DOCUMENTATION_COMMENTS = YES;
				CLANG_WARN_EMPTY_BODY = YES;
				CLANG_WARN_ENUM_CONVERSION = YES;
				CLANG_WARN_INFINITE_RECURSION = YES;
				CLANG_WARN_INT_CONVERSION = YES;
				CLANG_WARN_NON_LITERAL_NULL_CONVERSION = YES;
				CLANG_WARN_OBJC_IMPLICIT_RETAIN_SELF = YES;
				CLANG_WARN_OBJC_LITERAL_CONVERSION = YES;
				CLANG_WARN_OBJC_ROOT_CLASS = YES_ERROR;
				CLANG_WARN_RANGE_LOOP_ANALYSIS = YES;
				CLANG_WARN_STRICT_PROTOTYPES = YES;
				CLANG_WARN_SUSPICIOUS_MOVE = YES;
				CLANG_WARN_UNGUARDED_AVAILABILITY = YES_AGGRESSIVE;
				CLANG_WARN_UNREACHABLE_CODE = YES;
				CLANG_WARN__DUPLICATE_METHOD_MATCH = YES;
				CODE_SIGN_IDENTITY = "Mac Developer";
				COPY_PHASE_STRIP = NO;
				DEBUG_INFORMATION_FORMAT = "dwarf-with-dsym";
				ENABLE_NS_ASSERTIONS = NO;
				ENABLE_STRICT_OBJC_MSGSEND = YES;
				GCC_C_LANGUAGE_STANDARD = gnu11;
				GCC_NO_COMMON_BLOCKS = YES;
				GCC_WARN_64_TO_32_BIT_CONVERSION = YES;
				GCC_WARN_ABOUT_RETURN_TYPE = YES_ERROR;
				GCC_WARN_UNDECLARED_SELECTOR = YES;
				GCC_WARN_UNINITIALIZED_AUTOS = YES_AGGRESSIVE;
				GCC_WARN_UNUSED_FUNCTION = YES;
				GCC_WARN_UNUSED_VARIABLE = YES;
				MACOSX_DEPLOYMENT_TARGET = 10.14;
				MTL_ENABLE_DEBUG_INFO = NO;
				SDKROOT = macosx;
				SWIFT_COMPILATION_MODE = wholemodule;
				SWIFT_OPTIMIZATION_LEVEL = "-O";
			};
			name = Release;
		};
		43B4902D212986B8007AD3A0 /* Debug */ = {
			isa = XCBuildConfiguration;
			buildSettings = {
				ASSETCATALOG_COMPILER_APPICON_NAME = AppIcon;
				CODE_SIGN_ENTITLEMENTS = "Chapter 3/Chapter_3.entitlements";
				CODE_SIGN_IDENTITY = "Mac Developer";
				CODE_SIGN_STYLE = Automatic;
				COMBINE_HIDPI_IMAGES = YES;
				DEVELOPMENT_TEAM = 5A88JF7M74;
				INFOPLIST_FILE = "Chapter 3/Info.plist";
				LD_RUNPATH_SEARCH_PATHS = (
					"$(inherited)",
					"@executable_path/../Frameworks",
				);
				PRODUCT_BUNDLE_IDENTIFIER = "DC.Chapter-3";
				PRODUCT_NAME = "$(TARGET_NAME)";
				PROVISIONING_PROFILE_SPECIFIER = "";
				SWIFT_VERSION = 4.2;
			};
			name = Debug;
		};
		43B4902E212986B8007AD3A0 /* Release */ = {
			isa = XCBuildConfiguration;
			buildSettings = {
				ASSETCATALOG_COMPILER_APPICON_NAME = AppIcon;
				CODE_SIGN_ENTITLEMENTS = "Chapter 3/Chapter_3.entitlements";
				CODE_SIGN_IDENTITY = "Mac Developer";
				CODE_SIGN_STYLE = Automatic;
				COMBINE_HIDPI_IMAGES = YES;
				DEVELOPMENT_TEAM = 5A88JF7M74;
				INFOPLIST_FILE = "Chapter 3/Info.plist";
				LD_RUNPATH_SEARCH_PATHS = (
					"$(inherited)",
					"@executable_path/../Frameworks",
				);
				PRODUCT_BUNDLE_IDENTIFIER = "DC.Chapter-3";
				PRODUCT_NAME = "$(TARGET_NAME)";
				PROVISIONING_PROFILE_SPECIFIER = "";
				SWIFT_VERSION = 4.2;
			};
			name = Release;
		};
/* End XCBuildConfiguration section */

/* Begin XCConfigurationList section */
		43B49017212986B7007AD3A0 /* Build configuration list for PBXProject "Chapter 3" */ = {
			isa = XCConfigurationList;
			buildConfigurations = (
				43B4902A212986B8007AD3A0 /* Debug */,
				43B4902B212986B8007AD3A0 /* Release */,
			);
			defaultConfigurationIsVisible = 0;
			defaultConfigurationName = Release;
		};
		43B4902C212986B8007AD3A0 /* Build configuration list for PBXNativeTarget "Chapter 3" */ = {
			isa = XCConfigurationList;
			buildConfigurations = (
				43B4902D212986B8007AD3A0 /* Debug */,
				43B4902E212986B8007AD3A0 /* Release */,
			);
			defaultConfigurationIsVisible = 0;
			defaultConfigurationName = Release;
		};
/* End XCConfigurationList section */
	};
	rootObject = 43B49014212986B7007AD3A0 /* Project object */;
}
