// !$*UTF8*$!
{
	archiveVersion = 1;
	classes = {
	};
	objectVersion = 50;
	objects = {

/* Begin PBXBuildFile section */
		4378855D214AC17A008B88B0 /* Osiris.Renderer.metal in Sources */ = {isa = PBXBuildFile; fileRef = 4378855C214AC17A008B88B0 /* Osiris.Renderer.metal */; };
		8166EF152145456C0022DEE6 /* AppDelegate.swift in Sources */ = {isa = PBXBuildFile; fileRef = 8166EF142145456C0022DEE6 /* AppDelegate.swift */; };
		8166EF172145456C0022DEE6 /* ViewController.swift in Sources */ = {isa = PBXBuildFile; fileRef = 8166EF162145456C0022DEE6 /* ViewController.swift */; };
		8166EF1A2145456C0022DEE6 /* Main.storyboard in Resources */ = {isa = PBXBuildFile; fileRef = 8166EF182145456C0022DEE6 /* Main.storyboard */; };
		8166EF1C2145456D0022DEE6 /* Assets.xcassets in Resources */ = {isa = PBXBuildFile; fileRef = 8166EF1B2145456D0022DEE6 /* Assets.xcassets */; };
		8166EF1F2145456D0022DEE6 /* LaunchScreen.storyboard in Resources */ = {isa = PBXBuildFile; fileRef = 8166EF1D2145456D0022DEE6 /* LaunchScreen.storyboard */; };
		8166EF27214545840022DEE6 /* Osiris.swift in Sources */ = {isa = PBXBuildFile; fileRef = 8166EF26214545840022DEE6 /* Osiris.swift */; };
		8166EF2A214545B50022DEE6 /* Osiris.Filter.swift in Sources */ = {isa = PBXBuildFile; fileRef = 8166EF29214545B50022DEE6 /* Osiris.Filter.swift */; };
		8166EF2D21454C2E0022DEE6 /* Filter.Brightness.swift in Sources */ = {isa = PBXBuildFile; fileRef = 8166EF2C21454C2E0022DEE6 /* Filter.Brightness.swift */; };
		8166EF30214661DA0022DEE6 /* Osiris.Math.swift in Sources */ = {isa = PBXBuildFile; fileRef = 8166EF2F214661DA0022DEE6 /* Osiris.Math.swift */; };
/* End PBXBuildFile section */

/* Begin PBXFileReference section */
		4378855C214AC17A008B88B0 /* Osiris.Renderer.metal */ = {isa = PBXFileReference; lastKnownFileType = sourcecode.metal; path = Osiris.Renderer.metal; sourceTree = "<group>"; };
		8166EF112145456C0022DEE6 /* Osiris.app */ = {isa = PBXFileReference; explicitFileType = wrapper.application; includeInIndex = 0; path = Osiris.app; sourceTree = BUILT_PRODUCTS_DIR; };
		8166EF142145456C0022DEE6 /* AppDelegate.swift */ = {isa = PBXFileReference; lastKnownFileType = sourcecode.swift; path = AppDelegate.swift; sourceTree = "<group>"; };
		8166EF162145456C0022DEE6 /* ViewController.swift */ = {isa = PBXFileReference; lastKnownFileType = sourcecode.swift; path = ViewController.swift; sourceTree = "<group>"; };
		8166EF192145456C0022DEE6 /* Base */ = {isa = PBXFileReference; lastKnownFileType = file.storyboard; name = Base; path = Base.lproj/Main.storyboard; sourceTree = "<group>"; };
		8166EF1B2145456D0022DEE6 /* Assets.xcassets */ = {isa = PBXFileReference; lastKnownFileType = folder.assetcatalog; path = Assets.xcassets; sourceTree = "<group>"; };
		8166EF1E2145456D0022DEE6 /* Base */ = {isa = PBXFileReference; lastKnownFileType = file.storyboard; name = Base; path = Base.lproj/LaunchScreen.storyboard; sourceTree = "<group>"; };
		8166EF202145456D0022DEE6 /* Info.plist */ = {isa = PBXFileReference; lastKnownFileType = text.plist.xml; path = Info.plist; sourceTree = "<group>"; };
		8166EF26214545840022DEE6 /* Osiris.swift */ = {isa = PBXFileReference; lastKnownFileType = sourcecode.swift; path = Osiris.swift; sourceTree = "<group>"; };
		8166EF29214545B50022DEE6 /* Osiris.Filter.swift */ = {isa = PBXFileReference; lastKnownFileType = sourcecode.swift; path = Osiris.Filter.swift; sourceTree = "<group>"; };
		8166EF2C21454C2E0022DEE6 /* Filter.Brightness.swift */ = {isa = PBXFileReference; lastKnownFileType = sourcecode.swift; path = Filter.Brightness.swift; sourceTree = "<group>"; };
		8166EF2F214661DA0022DEE6 /* Osiris.Math.swift */ = {isa = PBXFileReference; lastKnownFileType = sourcecode.swift; path = Osiris.Math.swift; sourceTree = "<group>"; };
		8166EF31214662ED0022DEE6 /* Osiris_Bridging.h */ = {isa = PBXFileReference; lastKnownFileType = sourcecode.c.h; path = Osiris_Bridging.h; sourceTree = "<group>"; };
/* End PBXFileReference section */

/* Begin PBXFrameworksBuildPhase section */
		8166EF0E2145456C0022DEE6 /* Frameworks */ = {
			isa = PBXFrameworksBuildPhase;
			buildActionMask = 2147483647;
			files = (
			);
			runOnlyForDeploymentPostprocessing = 0;
		};
/* End PBXFrameworksBuildPhase section */

/* Begin PBXGroup section */
		8166EF082145456C0022DEE6 = {
			isa = PBXGroup;
			children = (
				8166EF132145456C0022DEE6 /* Osiris */,
				8166EF122145456C0022DEE6 /* Products */,
			);
			sourceTree = "<group>";
		};
		8166EF122145456C0022DEE6 /* Products */ = {
			isa = PBXGroup;
			children = (
				8166EF112145456C0022DEE6 /* Osiris.app */,
			);
			name = Products;
			sourceTree = "<group>";
		};
		8166EF132145456C0022DEE6 /* Osiris */ = {
			isa = PBXGroup;
			children = (
				8166EF142145456C0022DEE6 /* AppDelegate.swift */,
				8166EF162145456C0022DEE6 /* ViewController.swift */,
				8166EF28214545910022DEE6 /* Osiris */,
				8166EF182145456C0022DEE6 /* Main.storyboard */,
				8166EF1B2145456D0022DEE6 /* Assets.xcassets */,
				8166EF1D2145456D0022DEE6 /* LaunchScreen.storyboard */,
				8166EF202145456D0022DEE6 /* Info.plist */,
			);
			path = Osiris;
			sourceTree = "<group>";
		};
		8166EF28214545910022DEE6 /* Osiris */ = {
			isa = PBXGroup;
			children = (
				8166EF31214662ED0022DEE6 /* Osiris_Bridging.h */,
				8166EF26214545840022DEE6 /* Osiris.swift */,
				8166EF2F214661DA0022DEE6 /* Osiris.Math.swift */,
				4378855C214AC17A008B88B0 /* Osiris.Renderer.metal */,
				8166EF2B21454A5D0022DEE6 /* Filters */,
			);
			path = Osiris;
			sourceTree = "<group>";
		};
		8166EF2B21454A5D0022DEE6 /* Filters */ = {
			isa = PBXGroup;
			children = (
				8166EF29214545B50022DEE6 /* Osiris.Filter.swift */,
				8166EF2E21454C620022DEE6 /* Built-in Filters */,
			);
			path = Filters;
			sourceTree = "<group>";
		};
		8166EF2E21454C620022DEE6 /* Built-in Filters */ = {
			isa = PBXGroup;
			children = (
				8166EF2C21454C2E0022DEE6 /* Filter.Brightness.swift */,
			);
			path = "Built-in Filters";
			sourceTree = "<group>";
		};
/* End PBXGroup section */

/* Begin PBXNativeTarget section */
		8166EF102145456C0022DEE6 /* Osiris */ = {
			isa = PBXNativeTarget;
			buildConfigurationList = 8166EF232145456D0022DEE6 /* Build configuration list for PBXNativeTarget "Osiris" */;
			buildPhases = (
				8166EF0D2145456C0022DEE6 /* Sources */,
				8166EF0E2145456C0022DEE6 /* Frameworks */,
				8166EF0F2145456C0022DEE6 /* Resources */,
			);
			buildRules = (
			);
			dependencies = (
			);
			name = Osiris;
			productName = Osiris;
			productReference = 8166EF112145456C0022DEE6 /* Osiris.app */;
			productType = "com.apple.product-type.application";
		};
/* End PBXNativeTarget section */

/* Begin PBXProject section */
		8166EF092145456C0022DEE6 /* Project object */ = {
			isa = PBXProject;
			attributes = {
				LastSwiftUpdateCheck = 1000;
				LastUpgradeCheck = 1000;
				ORGANIZATIONNAME = DC;
				TargetAttributes = {
					8166EF102145456C0022DEE6 = {
						CreatedOnToolsVersion = 10.0;
					};
				};
			};
			buildConfigurationList = 8166EF0C2145456C0022DEE6 /* Build configuration list for PBXProject "Osiris" */;
			compatibilityVersion = "Xcode 9.3";
			developmentRegion = en;
			hasScannedForEncodings = 0;
			knownRegions = (
				en,
				Base,
			);
			mainGroup = 8166EF082145456C0022DEE6;
			productRefGroup = 8166EF122145456C0022DEE6 /* Products */;
			projectDirPath = "";
			projectRoot = "";
			targets = (
				8166EF102145456C0022DEE6 /* Osiris */,
			);
		};
/* End PBXProject section */

/* Begin PBXResourcesBuildPhase section */
		8166EF0F2145456C0022DEE6 /* Resources */ = {
			isa = PBXResourcesBuildPhase;
			buildActionMask = 2147483647;
			files = (
				8166EF1F2145456D0022DEE6 /* LaunchScreen.storyboard in Resources */,
				8166EF1C2145456D0022DEE6 /* Assets.xcassets in Resources */,
				8166EF1A2145456C0022DEE6 /* Main.storyboard in Resources */,
			);
			runOnlyForDeploymentPostprocessing = 0;
		};
/* End PBXResourcesBuildPhase section */

/* Begin PBXSourcesBuildPhase section */
		8166EF0D2145456C0022DEE6 /* Sources */ = {
			isa = PBXSourcesBuildPhase;
			buildActionMask = 2147483647;
			files = (
				8166EF172145456C0022DEE6 /* ViewController.swift in Sources */,
				8166EF30214661DA0022DEE6 /* Osiris.Math.swift in Sources */,
				8166EF2A214545B50022DEE6 /* Osiris.Filter.swift in Sources */,
				8166EF2D21454C2E0022DEE6 /* Filter.Brightness.swift in Sources */,
				8166EF152145456C0022DEE6 /* AppDelegate.swift in Sources */,
				4378855D214AC17A008B88B0 /* Osiris.Renderer.metal in Sources */,
				8166EF27214545840022DEE6 /* Osiris.swift in Sources */,
			);
			runOnlyForDeploymentPostprocessing = 0;
		};
/* End PBXSourcesBuildPhase section */

/* Begin PBXVariantGroup section */
		8166EF182145456C0022DEE6 /* Main.storyboard */ = {
			isa = PBXVariantGroup;
			children = (
				8166EF192145456C0022DEE6 /* Base */,
			);
			name = Main.storyboard;
			sourceTree = "<group>";
		};
		8166EF1D2145456D0022DEE6 /* LaunchScreen.storyboard */ = {
			isa = PBXVariantGroup;
			children = (
				8166EF1E2145456D0022DEE6 /* Base */,
			);
			name = LaunchScreen.storyboard;
			sourceTree = "<group>";
		};
/* End PBXVariantGroup section */

/* Begin XCBuildConfiguration section */
		8166EF212145456D0022DEE6 /* Debug */ = {
			isa = XCBuildConfiguration;
			buildSettings = {
				ALWAYS_SEARCH_USER_PATHS = NO;
				CLANG_ANALYZER_NONNULL = YES;
				CLANG_ANALYZER_NUMBER_OBJECT_CONVERSION = YES_AGGRESSIVE;
				CLANG_CXX_LANGUAGE_STANDARD = "gnu++14";
				CLANG_CXX_LIBRARY = "libc++";
				CLANG_ENABLE_MODULES = YES;
				CLANG_ENABLE_OBJC_ARC = YES;
				CLANG_ENABLE_OBJC_WEAK = YES;
				CLANG_WARN_BLOCK_CAPTURE_AUTORELEASING = YES;
				CLANG_WARN_BOOL_CONVERSION = YES;
				CLANG_WARN_COMMA = YES;
				CLANG_WARN_CONSTANT_CONVERSION = YES;
				CLANG_WARN_DEPRECATED_OBJC_IMPLEMENTATIONS = YES;
				CLANG_WARN_DIRECT_OBJC_ISA_USAGE = YES_ERROR;
				CLANG_WARN_DOCUMENTATION_COMMENTS = YES;
				CLANG_WARN_EMPTY_BODY = YES;
				CLANG_WARN_ENUM_CONVERSION = YES;
				CLANG_WARN_INFINITE_RECURSION = YES;
				CLANG_WARN_INT_CONVERSION = YES;
				CLANG_WARN_NON_LITERAL_NULL_CONVERSION = YES;
				CLANG_WARN_OBJC_IMPLICIT_RETAIN_SELF = YES;
				CLANG_WARN_OBJC_LITERAL_CONVERSION = YES;
				CLANG_WARN_OBJC_ROOT_CLASS = YES_ERROR;
				CLANG_WARN_RANGE_LOOP_ANALYSIS = YES;
				CLANG_WARN_STRICT_PROTOTYPES = YES;
				CLANG_WARN_SUSPICIOUS_MOVE = YES;
				CLANG_WARN_UNGUARDED_AVAILABILITY = YES_AGGRESSIVE;
				CLANG_WARN_UNREACHABLE_CODE = YES;
				CLANG_WARN__DUPLICATE_METHOD_MATCH = YES;
				CODE_SIGN_IDENTITY = "iPhone Developer";
				COPY_PHASE_STRIP = NO;
				DEBUG_INFORMATION_FORMAT = dwarf;
				ENABLE_STRICT_OBJC_MSGSEND = YES;
				ENABLE_TESTABILITY = YES;
				GCC_C_LANGUAGE_STANDARD = gnu11;
				GCC_DYNAMIC_NO_PIC = NO;
				GCC_NO_COMMON_BLOCKS = YES;
				GCC_OPTIMIZATION_LEVEL = 0;
				GCC_PREPROCESSOR_DEFINITIONS = (
					"DEBUG=1",
					"$(inherited)",
				);
				GCC_WARN_64_TO_32_BIT_CONVERSION = YES;
				GCC_WARN_ABOUT_RETURN_TYPE = YES_ERROR;
				GCC_WARN_UNDECLARED_SELECTOR = YES;
				GCC_WARN_UNINITIALIZED_AUTOS = YES_AGGRESSIVE;
				GCC_WARN_UNUSED_FUNCTION = YES;
				GCC_WARN_UNUSED_VARIABLE = YES;
				IPHONEOS_DEPLOYMENT_TARGET = 12.0;
				MTL_ENABLE_DEBUG_INFO = INCLUDE_SOURCE;
				ONLY_ACTIVE_ARCH = YES;
				SDKROOT = iphoneos;
				SWIFT_ACTIVE_COMPILATION_CONDITIONS = DEBUG;
				SWIFT_OPTIMIZATION_LEVEL = "-Onone";
			};
			name = Debug;
		};
		8166EF222145456D0022DEE6 /* Release */ = {
			isa = XCBuildConfiguration;
			buildSettings = {
				ALWAYS_SEARCH_USER_PATHS = NO;
				CLANG_ANALYZER_NONNULL = YES;
				CLANG_ANALYZER_NUMBER_OBJECT_CONVERSION = YES_AGGRESSIVE;
				CLANG_CXX_LANGUAGE_STANDARD = "gnu++14";
				CLANG_CXX_LIBRARY = "libc++";
				CLANG_ENABLE_MODULES = YES;
				CLANG_ENABLE_OBJC_ARC = YES;
				CLANG_ENABLE_OBJC_WEAK = YES;
				CLANG_WARN_BLOCK_CAPTURE_AUTORELEASING = YES;
				CLANG_WARN_BOOL_CONVERSION = YES;
				CLANG_WARN_COMMA = YES;
				CLANG_WARN_CONSTANT_CONVERSION = YES;
				CLANG_WARN_DEPRECATED_OBJC_IMPLEMENTATIONS = YES;
				CLANG_WARN_DIRECT_OBJC_ISA_USAGE = YES_ERROR;
				CLANG_WARN_DOCUMENTATION_COMMENTS = YES;
				CLANG_WARN_EMPTY_BODY = YES;
				CLANG_WARN_ENUM_CONVERSION = YES;
				CLANG_WARN_INFINITE_RECURSION = YES;
				CLANG_WARN_INT_CONVERSION = YES;
				CLANG_WARN_NON_LITERAL_NULL_CONVERSION = YES;
				CLANG_WARN_OBJC_IMPLICIT_RETAIN_SELF = YES;
				CLANG_WARN_OBJC_LITERAL_CONVERSION = YES;
				CLANG_WARN_OBJC_ROOT_CLASS = YES_ERROR;
				CLANG_WARN_RANGE_LOOP_ANALYSIS = YES;
				CLANG_WARN_STRICT_PROTOTYPES = YES;
				CLANG_WARN_SUSPICIOUS_MOVE = YES;
				CLANG_WARN_UNGUARDED_AVAILABILITY = YES_AGGRESSIVE;
				CLANG_WARN_UNREACHABLE_CODE = YES;
				CLANG_WARN__DUPLICATE_METHOD_MATCH = YES;
				CODE_SIGN_IDENTITY = "iPhone Developer";
				COPY_PHASE_STRIP = NO;
				DEBUG_INFORMATION_FORMAT = "dwarf-with-dsym";
				ENABLE_NS_ASSERTIONS = NO;
				ENABLE_STRICT_OBJC_MSGSEND = YES;
				GCC_C_LANGUAGE_STANDARD = gnu11;
				GCC_NO_COMMON_BLOCKS = YES;
				GCC_WARN_64_TO_32_BIT_CONVERSION = YES;
				GCC_WARN_ABOUT_RETURN_TYPE = YES_ERROR;
				GCC_WARN_UNDECLARED_SELECTOR = YES;
				GCC_WARN_UNINITIALIZED_AUTOS = YES_AGGRESSIVE;
				GCC_WARN_UNUSED_FUNCTION = YES;
				GCC_WARN_UNUSED_VARIABLE = YES;
				IPHONEOS_DEPLOYMENT_TARGET = 12.0;
				MTL_ENABLE_DEBUG_INFO = NO;
				SDKROOT = iphoneos;
				SWIFT_COMPILATION_MODE = wholemodule;
				SWIFT_OPTIMIZATION_LEVEL = "-O";
				VALIDATE_PRODUCT = YES;
			};
			name = Release;
		};
		8166EF242145456D0022DEE6 /* Debug */ = {
			isa = XCBuildConfiguration;
			buildSettings = {
				ASSETCATALOG_COMPILER_APPICON_NAME = AppIcon;
				CODE_SIGN_STYLE = Automatic;
				DEVELOPMENT_TEAM = 5A88JF7M74;
				INFOPLIST_FILE = Osiris/Info.plist;
				LD_RUNPATH_SEARCH_PATHS = (
					"$(inherited)",
					"@executable_path/Frameworks",
				);
				PRODUCT_BUNDLE_IDENTIFIER = DC.Osiris;
				PRODUCT_NAME = "$(TARGET_NAME)";
				SWIFT_OBJC_BRIDGING_HEADER = $SRCROOT/Osiris/Osiris/Osiris_Bridging.h;
				SWIFT_VERSION = 4.2;
				TARGETED_DEVICE_FAMILY = "1,2";
			};
			name = Debug;
		};
		8166EF252145456D0022DEE6 /* Release */ = {
			isa = XCBuildConfiguration;
			buildSettings = {
				ASSETCATALOG_COMPILER_APPICON_NAME = AppIcon;
				CODE_SIGN_STYLE = Automatic;
				DEVELOPMENT_TEAM = 5A88JF7M74;
				INFOPLIST_FILE = Osiris/Info.plist;
				LD_RUNPATH_SEARCH_PATHS = (
					"$(inherited)",
					"@executable_path/Frameworks",
				);
				PRODUCT_BUNDLE_IDENTIFIER = DC.Osiris;
				PRODUCT_NAME = "$(TARGET_NAME)";
				SWIFT_OBJC_BRIDGING_HEADER = $SRCROOT/Osiris/Osiris/Osiris_Bridging.h;
				SWIFT_VERSION = 4.2;
				TARGETED_DEVICE_FAMILY = "1,2";
			};
			name = Release;
		};
/* End XCBuildConfiguration section */

/* Begin XCConfigurationList section */
		8166EF0C2145456C0022DEE6 /* Build configuration list for PBXProject "Osiris" */ = {
			isa = XCConfigurationList;
			buildConfigurations = (
				8166EF212145456D0022DEE6 /* Debug */,
				8166EF222145456D0022DEE6 /* Release */,
			);
			defaultConfigurationIsVisible = 0;
			defaultConfigurationName = Release;
		};
		8166EF232145456D0022DEE6 /* Build configuration list for PBXNativeTarget "Osiris" */ = {
			isa = XCConfigurationList;
			buildConfigurations = (
				8166EF242145456D0022DEE6 /* Debug */,
				8166EF252145456D0022DEE6 /* Release */,
			);
			defaultConfigurationIsVisible = 0;
			defaultConfigurationName = Release;
		};
/* End XCConfigurationList section */
	};
	rootObject = 8166EF092145456C0022DEE6 /* Project object */;
}
