// !$*UTF8*$!
{
	archiveVersion = 1;
	classes = {
	};
	objectVersion = 50;
	objects = {

/* Begin PBXBuildFile section */
		81ACA6FC213E828A00DC23A0 /* AppDelegate.swift in Sources */ = {isa = PBXBuildFile; fileRef = 81ACA6FB213E828A00DC23A0 /* AppDelegate.swift */; };
		81ACA6FE213E828A00DC23A0 /* ViewController.swift in Sources */ = {isa = PBXBuildFile; fileRef = 81ACA6FD213E828A00DC23A0 /* ViewController.swift */; };
		81ACA700213E828B00DC23A0 /* Assets.xcassets in Resources */ = {isa = PBXBuildFile; fileRef = 81ACA6FF213E828B00DC23A0 /* Assets.xcassets */; };
		81ACA703213E828B00DC23A0 /* Main.storyboard in Resources */ = {isa = PBXBuildFile; fileRef = 81ACA701213E828B00DC23A0 /* Main.storyboard */; };
		81ACA720213E8EDB00DC23A0 /* Shaders.metal in Sources */ = {isa = PBXBuildFile; fileRef = 81ACA71C213E8EDA00DC23A0 /* Shaders.metal */; };
		81ACA721213E8EDB00DC23A0 /* Osiris.swift in Sources */ = {isa = PBXBuildFile; fileRef = 81ACA71D213E8EDA00DC23A0 /* Osiris.swift */; };
		81ACA722213E8EDB00DC23A0 /* MathLibrary.swift in Sources */ = {isa = PBXBuildFile; fileRef = 81ACA71F213E8EDA00DC23A0 /* MathLibrary.swift */; };
/* End PBXBuildFile section */

/* Begin PBXFileReference section */
		81ACA6F8213E828A00DC23A0 /* Osiris (MacOS).app */ = {isa = PBXFileReference; explicitFileType = wrapper.application; includeInIndex = 0; path = "Osiris (MacOS).app"; sourceTree = BUILT_PRODUCTS_DIR; };
		81ACA6FB213E828A00DC23A0 /* AppDelegate.swift */ = {isa = PBXFileReference; lastKnownFileType = sourcecode.swift; path = AppDelegate.swift; sourceTree = "<group>"; };
		81ACA6FD213E828A00DC23A0 /* ViewController.swift */ = {isa = PBXFileReference; lastKnownFileType = sourcecode.swift; path = ViewController.swift; sourceTree = "<group>"; };
		81ACA6FF213E828B00DC23A0 /* Assets.xcassets */ = {isa = PBXFileReference; lastKnownFileType = folder.assetcatalog; path = Assets.xcassets; sourceTree = "<group>"; };
		81ACA702213E828B00DC23A0 /* Base */ = {isa = PBXFileReference; lastKnownFileType = file.storyboard; name = Base; path = Base.lproj/Main.storyboard; sourceTree = "<group>"; };
		81ACA704213E828B00DC23A0 /* Info.plist */ = {isa = PBXFileReference; lastKnownFileType = text.plist.xml; path = Info.plist; sourceTree = "<group>"; };
		81ACA705213E828B00DC23A0 /* Osiris__MacOS_.entitlements */ = {isa = PBXFileReference; lastKnownFileType = text.plist.entitlements; path = Osiris__MacOS_.entitlements; sourceTree = "<group>"; };
		81ACA71C213E8EDA00DC23A0 /* Shaders.metal */ = {isa = PBXFileReference; fileEncoding = 4; lastKnownFileType = sourcecode.metal; path = Shaders.metal; sourceTree = "<group>"; };
		81ACA71D213E8EDA00DC23A0 /* Osiris.swift */ = {isa = PBXFileReference; fileEncoding = 4; lastKnownFileType = sourcecode.swift; path = Osiris.swift; sourceTree = "<group>"; };
		81ACA71E213E8EDA00DC23A0 /* OsirisShaderBridge.h */ = {isa = PBXFileReference; fileEncoding = 4; lastKnownFileType = sourcecode.c.h; path = OsirisShaderBridge.h; sourceTree = "<group>"; };
		81ACA71F213E8EDA00DC23A0 /* MathLibrary.swift */ = {isa = PBXFileReference; fileEncoding = 4; lastKnownFileType = sourcecode.swift; path = MathLibrary.swift; sourceTree = "<group>"; };
/* End PBXFileReference section */

/* Begin PBXFrameworksBuildPhase section */
		81ACA6F5213E828A00DC23A0 /* Frameworks */ = {
			isa = PBXFrameworksBuildPhase;
			buildActionMask = 2147483647;
			files = (
			);
			runOnlyForDeploymentPostprocessing = 0;
		};
/* End PBXFrameworksBuildPhase section */

/* Begin PBXGroup section */
		81ACA6EF213E828A00DC23A0 = {
			isa = PBXGroup;
			children = (
				81ACA6FA213E828A00DC23A0 /* Osiris (MacOS) */,
				81ACA6F9213E828A00DC23A0 /* Products */,
			);
			sourceTree = "<group>";
		};
		81ACA6F9213E828A00DC23A0 /* Products */ = {
			isa = PBXGroup;
			children = (
				81ACA6F8213E828A00DC23A0 /* Osiris (MacOS).app */,
			);
			name = Products;
			sourceTree = "<group>";
		};
		81ACA6FA213E828A00DC23A0 /* Osiris (MacOS) */ = {
			isa = PBXGroup;
			children = (
				81ACA6FB213E828A00DC23A0 /* AppDelegate.swift */,
				81ACA6FD213E828A00DC23A0 /* ViewController.swift */,
				81ACA71B213E8EDA00DC23A0 /* Metal basic */,
				81ACA6FF213E828B00DC23A0 /* Assets.xcassets */,
				81ACA701213E828B00DC23A0 /* Main.storyboard */,
				81ACA704213E828B00DC23A0 /* Info.plist */,
				81ACA705213E828B00DC23A0 /* Osiris__MacOS_.entitlements */,
			);
			path = "Osiris (MacOS)";
			sourceTree = "<group>";
		};
		81ACA71B213E8EDA00DC23A0 /* Metal basic */ = {
			isa = PBXGroup;
			children = (
				81ACA71C213E8EDA00DC23A0 /* Shaders.metal */,
				81ACA71D213E8EDA00DC23A0 /* Osiris.swift */,
				81ACA71E213E8EDA00DC23A0 /* OsirisShaderBridge.h */,
				81ACA71F213E8EDA00DC23A0 /* MathLibrary.swift */,
			);
			name = "Metal basic";
			path = "../../Metal basic";
			sourceTree = "<group>";
		};
/* End PBXGroup section */

/* Begin PBXNativeTarget section */
		81ACA6F7213E828A00DC23A0 /* Osiris (MacOS) */ = {
			isa = PBXNativeTarget;
			buildConfigurationList = 81ACA708213E828B00DC23A0 /* Build configuration list for PBXNativeTarget "Osiris (MacOS)" */;
			buildPhases = (
				81ACA6F4213E828A00DC23A0 /* Sources */,
				81ACA6F5213E828A00DC23A0 /* Frameworks */,
				81ACA6F6213E828A00DC23A0 /* Resources */,
			);
			buildRules = (
			);
			dependencies = (
			);
			name = "Osiris (MacOS)";
			productName = "Osiris (MacOS)";
			productReference = 81ACA6F8213E828A00DC23A0 /* Osiris (MacOS).app */;
			productType = "com.apple.product-type.application";
		};
/* End PBXNativeTarget section */

/* Begin PBXProject section */
		81ACA6F0213E828A00DC23A0 /* Project object */ = {
			isa = PBXProject;
			attributes = {
				LastSwiftUpdateCheck = 1000;
				LastUpgradeCheck = 1000;
				ORGANIZATIONNAME = DC;
				TargetAttributes = {
					81ACA6F7213E828A00DC23A0 = {
						CreatedOnToolsVersion = 10.0;
					};
				};
			};
			buildConfigurationList = 81ACA6F3213E828A00DC23A0 /* Build configuration list for PBXProject "Osiris (MacOS)" */;
			compatibilityVersion = "Xcode 9.3";
			developmentRegion = en;
			hasScannedForEncodings = 0;
			knownRegions = (
				en,
				Base,
			);
			mainGroup = 81ACA6EF213E828A00DC23A0;
			productRefGroup = 81ACA6F9213E828A00DC23A0 /* Products */;
			projectDirPath = "";
			projectRoot = "";
			targets = (
				81ACA6F7213E828A00DC23A0 /* Osiris (MacOS) */,
			);
		};
/* End PBXProject section */

/* Begin PBXResourcesBuildPhase section */
		81ACA6F6213E828A00DC23A0 /* Resources */ = {
			isa = PBXResourcesBuildPhase;
			buildActionMask = 2147483647;
			files = (
				81ACA700213E828B00DC23A0 /* Assets.xcassets in Resources */,
				81ACA703213E828B00DC23A0 /* Main.storyboard in Resources */,
			);
			runOnlyForDeploymentPostprocessing = 0;
		};
/* End PBXResourcesBuildPhase section */

/* Begin PBXSourcesBuildPhase section */
		81ACA6F4213E828A00DC23A0 /* Sources */ = {
			isa = PBXSourcesBuildPhase;
			buildActionMask = 2147483647;
			files = (
				81ACA721213E8EDB00DC23A0 /* Osiris.swift in Sources */,
				81ACA720213E8EDB00DC23A0 /* Shaders.metal in Sources */,
				81ACA6FE213E828A00DC23A0 /* ViewController.swift in Sources */,
				81ACA6FC213E828A00DC23A0 /* AppDelegate.swift in Sources */,
				81ACA722213E8EDB00DC23A0 /* MathLibrary.swift in Sources */,
			);
			runOnlyForDeploymentPostprocessing = 0;
		};
/* End PBXSourcesBuildPhase section */

/* Begin PBXVariantGroup section */
		81ACA701213E828B00DC23A0 /* Main.storyboard */ = {
			isa = PBXVariantGroup;
			children = (
				81ACA702213E828B00DC23A0 /* Base */,
			);
			name = Main.storyboard;
			sourceTree = "<group>";
		};
/* End PBXVariantGroup section */

/* Begin XCBuildConfiguration section */
		81ACA706213E828B00DC23A0 /* Debug */ = {
			isa = XCBuildConfiguration;
			buildSettings = {
				ALWAYS_SEARCH_USER_PATHS = NO;
				CLANG_ANALYZER_NONNULL = YES;
				CLANG_ANALYZER_NUMBER_OBJECT_CONVERSION = YES_AGGRESSIVE;
				CLANG_CXX_LANGUAGE_STANDARD = "gnu++14";
				CLANG_CXX_LIBRARY = "libc++";
				CLANG_ENABLE_MODULES = YES;
				CLANG_ENABLE_OBJC_ARC = YES;
				CLANG_ENABLE_OBJC_WEAK = YES;
				CLANG_WARN_BLOCK_CAPTURE_AUTORELEASING = YES;
				CLANG_WARN_BOOL_CONVERSION = YES;
				CLANG_WARN_COMMA = YES;
				CLANG_WARN_CONSTANT_CONVERSION = YES;
				CLANG_WARN_DEPRECATED_OBJC_IMPLEMENTATIONS = YES;
				CLANG_WARN_DIRECT_OBJC_ISA_USAGE = YES_ERROR;
				CLANG_WARN_DOCUMENTATION_COMMENTS = YES;
				CLANG_WARN_EMPTY_BODY = YES;
				CLANG_WARN_ENUM_CONVERSION = YES;
				CLANG_WARN_INFINITE_RECURSION = YES;
				CLANG_WARN_INT_CONVERSION = YES;
				CLANG_WARN_NON_LITERAL_NULL_CONVERSION = YES;
				CLANG_WARN_OBJC_IMPLICIT_RETAIN_SELF = YES;
				CLANG_WARN_OBJC_LITERAL_CONVERSION = YES;
				CLANG_WARN_OBJC_ROOT_CLASS = YES_ERROR;
				CLANG_WARN_RANGE_LOOP_ANALYSIS = YES;
				CLANG_WARN_STRICT_PROTOTYPES = YES;
				CLANG_WARN_SUSPICIOUS_MOVE = YES;
				CLANG_WARN_UNGUARDED_AVAILABILITY = YES_AGGRESSIVE;
				CLANG_WARN_UNREACHABLE_CODE = YES;
				CLANG_WARN__DUPLICATE_METHOD_MATCH = YES;
				CODE_SIGN_IDENTITY = "-";
				COPY_PHASE_STRIP = NO;
				DEBUG_INFORMATION_FORMAT = dwarf;
				ENABLE_STRICT_OBJC_MSGSEND = YES;
				ENABLE_TESTABILITY = YES;
				GCC_C_LANGUAGE_STANDARD = gnu11;
				GCC_DYNAMIC_NO_PIC = NO;
				GCC_NO_COMMON_BLOCKS = YES;
				GCC_OPTIMIZATION_LEVEL = 0;
				GCC_PREPROCESSOR_DEFINITIONS = (
					"DEBUG=1",
					"$(inherited)",
				);
				GCC_WARN_64_TO_32_BIT_CONVERSION = YES;
				GCC_WARN_ABOUT_RETURN_TYPE = YES_ERROR;
				GCC_WARN_UNDECLARED_SELECTOR = YES;
				GCC_WARN_UNINITIALIZED_AUTOS = YES_AGGRESSIVE;
				GCC_WARN_UNUSED_FUNCTION = YES;
				GCC_WARN_UNUSED_VARIABLE = YES;
				MACOSX_DEPLOYMENT_TARGET = 10.14;
				MTL_ENABLE_DEBUG_INFO = INCLUDE_SOURCE;
				ONLY_ACTIVE_ARCH = YES;
				SDKROOT = macosx;
				SWIFT_ACTIVE_COMPILATION_CONDITIONS = DEBUG;
				SWIFT_OPTIMIZATION_LEVEL = "-Onone";
			};
			name = Debug;
		};
		81ACA707213E828B00DC23A0 /* Release */ = {
			isa = XCBuildConfiguration;
			buildSettings = {
				ALWAYS_SEARCH_USER_PATHS = NO;
				CLANG_ANALYZER_NONNULL = YES;
				CLANG_ANALYZER_NUMBER_OBJECT_CONVERSION = YES_AGGRESSIVE;
				CLANG_CXX_LANGUAGE_STANDARD = "gnu++14";
				CLANG_CXX_LIBRARY = "libc++";
				CLANG_ENABLE_MODULES = YES;
				CLANG_ENABLE_OBJC_ARC = YES;
				CLANG_ENABLE_OBJC_WEAK = YES;
				CLANG_WARN_BLOCK_CAPTURE_AUTORELEASING = YES;
				CLANG_WARN_BOOL_CONVERSION = YES;
				CLANG_WARN_COMMA = YES;
				CLANG_WARN_CONSTANT_CONVERSION = YES;
				CLANG_WARN_DEPRECATED_OBJC_IMPLEMENTATIONS = YES;
				CLANG_WARN_DIRECT_OBJC_ISA_USAGE = YES_ERROR;
				CLANG_WARN_DOCUMENTATION_COMMENTS = YES;
				CLANG_WARN_EMPTY_BODY = YES;
				CLANG_WARN_ENUM_CONVERSION = YES;
				CLANG_WARN_INFINITE_RECURSION = YES;
				CLANG_WARN_INT_CONVERSION = YES;
				CLANG_WARN_NON_LITERAL_NULL_CONVERSION = YES;
				CLANG_WARN_OBJC_IMPLICIT_RETAIN_SELF = YES;
				CLANG_WARN_OBJC_LITERAL_CONVERSION = YES;
				CLANG_WARN_OBJC_ROOT_CLASS = YES_ERROR;
				CLANG_WARN_RANGE_LOOP_ANALYSIS = YES;
				CLANG_WARN_STRICT_PROTOTYPES = YES;
				CLANG_WARN_SUSPICIOUS_MOVE = YES;
				CLANG_WARN_UNGUARDED_AVAILABILITY = YES_AGGRESSIVE;
				CLANG_WARN_UNREACHABLE_CODE = YES;
				CLANG_WARN__DUPLICATE_METHOD_MATCH = YES;
				CODE_SIGN_IDENTITY = "-";
				COPY_PHASE_STRIP = NO;
				DEBUG_INFORMATION_FORMAT = "dwarf-with-dsym";
				ENABLE_NS_ASSERTIONS = NO;
				ENABLE_STRICT_OBJC_MSGSEND = YES;
				GCC_C_LANGUAGE_STANDARD = gnu11;
				GCC_NO_COMMON_BLOCKS = YES;
				GCC_WARN_64_TO_32_BIT_CONVERSION = YES;
				GCC_WARN_ABOUT_RETURN_TYPE = YES_ERROR;
				GCC_WARN_UNDECLARED_SELECTOR = YES;
				GCC_WARN_UNINITIALIZED_AUTOS = YES_AGGRESSIVE;
				GCC_WARN_UNUSED_FUNCTION = YES;
				GCC_WARN_UNUSED_VARIABLE = YES;
				MACOSX_DEPLOYMENT_TARGET = 10.14;
				MTL_ENABLE_DEBUG_INFO = NO;
				SDKROOT = macosx;
				SWIFT_COMPILATION_MODE = wholemodule;
				SWIFT_OPTIMIZATION_LEVEL = "-O";
			};
			name = Release;
		};
		81ACA709213E828B00DC23A0 /* Debug */ = {
			isa = XCBuildConfiguration;
			buildSettings = {
				ASSETCATALOG_COMPILER_APPICON_NAME = AppIcon;
				CODE_SIGN_ENTITLEMENTS = "Osiris (MacOS)/Osiris__MacOS_.entitlements";
				CODE_SIGN_STYLE = Automatic;
				COMBINE_HIDPI_IMAGES = YES;
				DEVELOPMENT_TEAM = 5A88JF7M74;
				INFOPLIST_FILE = "Osiris (MacOS)/Info.plist";
				LD_RUNPATH_SEARCH_PATHS = (
					"$(inherited)",
					"@executable_path/../Frameworks",
				);
				PRODUCT_BUNDLE_IDENTIFIER = "DC.Osiris--MacOS-";
				PRODUCT_NAME = "$(TARGET_NAME)";
				SWIFT_OBJC_BRIDGING_HEADER = "Osiris (MacOS)/Metal basic/OsirisShaderBridge.h";
				SWIFT_VERSION = 4.2;
			};
			name = Debug;
		};
		81ACA70A213E828B00DC23A0 /* Release */ = {
			isa = XCBuildConfiguration;
			buildSettings = {
				ASSETCATALOG_COMPILER_APPICON_NAME = AppIcon;
				CODE_SIGN_ENTITLEMENTS = "Osiris (MacOS)/Osiris__MacOS_.entitlements";
				CODE_SIGN_STYLE = Automatic;
				COMBINE_HIDPI_IMAGES = YES;
				DEVELOPMENT_TEAM = 5A88JF7M74;
				INFOPLIST_FILE = "Osiris (MacOS)/Info.plist";
				LD_RUNPATH_SEARCH_PATHS = (
					"$(inherited)",
					"@executable_path/../Frameworks",
				);
				PRODUCT_BUNDLE_IDENTIFIER = "DC.Osiris--MacOS-";
				PRODUCT_NAME = "$(TARGET_NAME)";
				SWIFT_OBJC_BRIDGING_HEADER = "Osiris (MacOS)/Metal basic/OsirisShaderBridge.h";
				SWIFT_VERSION = 4.2;
			};
			name = Release;
		};
/* End XCBuildConfiguration section */

/* Begin XCConfigurationList section */
		81ACA6F3213E828A00DC23A0 /* Build configuration list for PBXProject "Osiris (MacOS)" */ = {
			isa = XCConfigurationList;
			buildConfigurations = (
				81ACA706213E828B00DC23A0 /* Debug */,
				81ACA707213E828B00DC23A0 /* Release */,
			);
			defaultConfigurationIsVisible = 0;
			defaultConfigurationName = Release;
		};
		81ACA708213E828B00DC23A0 /* Build configuration list for PBXNativeTarget "Osiris (MacOS)" */ = {
			isa = XCConfigurationList;
			buildConfigurations = (
				81ACA709213E828B00DC23A0 /* Debug */,
				81ACA70A213E828B00DC23A0 /* Release */,
			);
			defaultConfigurationIsVisible = 0;
			defaultConfigurationName = Release;
		};
/* End XCConfigurationList section */
	};
	rootObject = 81ACA6F0213E828A00DC23A0 /* Project object */;
}
