// !$*UTF8*$!
{
	archiveVersion = 1;
	classes = {
	};
	objectVersion = 50;
	objects = {

/* Begin PBXBuildFile section */
		43116CB221593E8100CC1C9A /* bridge.jpg in Resources */ = {isa = PBXBuildFile; fileRef = 43116CB121593E8100CC1C9A /* bridge.jpg */; };
		43557AAA213D77EE001538FA /* AppDelegate.swift in Sources */ = {isa = PBXBuildFile; fileRef = 43557AA9213D77EE001538FA /* AppDelegate.swift */; };
		43557AAF213D77EE001538FA /* Main.storyboard in Resources */ = {isa = PBXBuildFile; fileRef = 43557AAD213D77EE001538FA /* Main.storyboard */; };
		43557AB1213D77EF001538FA /* Assets.xcassets in Resources */ = {isa = PBXBuildFile; fileRef = 43557AB0213D77EF001538FA /* Assets.xcassets */; };
		43557AB4213D77EF001538FA /* LaunchScreen.storyboard in Resources */ = {isa = PBXBuildFile; fileRef = 43557AB2213D77EF001538FA /* LaunchScreen.storyboard */; };
		43557AC1213D7954001538FA /* Shaders.metal in Sources */ = {isa = PBXBuildFile; fileRef = 43557ABE213D7954001538FA /* Shaders.metal */; };
		43557AC2213D7954001538FA /* MathLibrary.swift in Sources */ = {isa = PBXBuildFile; fileRef = 43557ABF213D7954001538FA /* MathLibrary.swift */; };
		43557AC3213D7954001538FA /* Osiris.swift in Sources */ = {isa = PBXBuildFile; fileRef = 43557AC0213D7954001538FA /* Osiris.swift */; };
		8166EF07214543160022DEE6 /* Osiris.Camera.swift in Sources */ = {isa = PBXBuildFile; fileRef = 8166EF06214543160022DEE6 /* Osiris.Camera.swift */; };
		8191BB34215A4F010090B8A0 /* TableViewController.swift in Sources */ = {isa = PBXBuildFile; fileRef = 8191BB33215A4F010090B8A0 /* TableViewController.swift */; };
		8191BB36215A51770090B8A0 /* ImageRenderingController.swift in Sources */ = {isa = PBXBuildFile; fileRef = 8191BB35215A51770090B8A0 /* ImageRenderingController.swift */; };
		8191BB38215A58B80090B8A0 /* ImageFilteringController.swift in Sources */ = {isa = PBXBuildFile; fileRef = 8191BB37215A58B80090B8A0 /* ImageFilteringController.swift */; };
		8191BB3B215A59B60090B8A0 /* CameraController.swift in Sources */ = {isa = PBXBuildFile; fileRef = 8191BB3A215A59B60090B8A0 /* CameraController.swift */; };
		81A2C608215E0A910038F64A /* Luma.metal in Sources */ = {isa = PBXBuildFile; fileRef = 81A2C607215E0A910038F64A /* Luma.metal */; };
		81A2C60B215E27770038F64A /* Osiris.Luma.swift in Sources */ = {isa = PBXBuildFile; fileRef = 81A2C60A215E27770038F64A /* Osiris.Luma.swift */; };
		81A2C60D215E30850038F64A /* Osiris.Invert.swift in Sources */ = {isa = PBXBuildFile; fileRef = 81A2C60C215E30850038F64A /* Osiris.Invert.swift */; };
		81A2C60F215E30900038F64A /* Invert.metal in Sources */ = {isa = PBXBuildFile; fileRef = 81A2C60E215E30900038F64A /* Invert.metal */; };
		81A2C613215E63910038F64A /* VideoRangeYUV.metal in Sources */ = {isa = PBXBuildFile; fileRef = 81A2C612215E63910038F64A /* VideoRangeYUV.metal */; };
		81D8E65E2143BEE400B395FD /* Osiris.Filter.swift in Sources */ = {isa = PBXBuildFile; fileRef = 81D8E65D2143BEE400B395FD /* Osiris.Filter.swift */; };
/* End PBXBuildFile section */

/* Begin PBXFileReference section */
		43116CB121593E8100CC1C9A /* bridge.jpg */ = {isa = PBXFileReference; lastKnownFileType = image.jpeg; name = bridge.jpg; path = ../../../../Downloads/ImageFilterGraphWithHeapsAndFences/Renderer/Images/bridge.jpg; sourceTree = "<group>"; };
		43557AA6213D77EE001538FA /* Osiris.app */ = {isa = PBXFileReference; explicitFileType = wrapper.application; includeInIndex = 0; path = Osiris.app; sourceTree = BUILT_PRODUCTS_DIR; };
		43557AA9213D77EE001538FA /* AppDelegate.swift */ = {isa = PBXFileReference; lastKnownFileType = sourcecode.swift; path = AppDelegate.swift; sourceTree = "<group>"; };
		43557AAE213D77EE001538FA /* Base */ = {isa = PBXFileReference; lastKnownFileType = file.storyboard; name = Base; path = Base.lproj/Main.storyboard; sourceTree = "<group>"; };
		43557AB0213D77EF001538FA /* Assets.xcassets */ = {isa = PBXFileReference; lastKnownFileType = folder.assetcatalog; path = Assets.xcassets; sourceTree = "<group>"; };
		43557AB3213D77EF001538FA /* Base */ = {isa = PBXFileReference; lastKnownFileType = file.storyboard; name = Base; path = Base.lproj/LaunchScreen.storyboard; sourceTree = "<group>"; };
		43557AB5213D77EF001538FA /* Info.plist */ = {isa = PBXFileReference; lastKnownFileType = text.plist.xml; path = Info.plist; sourceTree = "<group>"; };
		43557ABE213D7954001538FA /* Shaders.metal */ = {isa = PBXFileReference; fileEncoding = 4; lastKnownFileType = sourcecode.metal; path = Shaders.metal; sourceTree = "<group>"; };
		43557ABF213D7954001538FA /* MathLibrary.swift */ = {isa = PBXFileReference; fileEncoding = 4; lastKnownFileType = sourcecode.swift; path = MathLibrary.swift; sourceTree = "<group>"; };
		43557AC0213D7954001538FA /* Osiris.swift */ = {isa = PBXFileReference; fileEncoding = 4; lastKnownFileType = sourcecode.swift; path = Osiris.swift; sourceTree = "<group>"; };
		43557AC4213D797E001538FA /* OsirisShaderBridge.h */ = {isa = PBXFileReference; lastKnownFileType = sourcecode.c.h; path = OsirisShaderBridge.h; sourceTree = "<group>"; };
		8166EF06214543160022DEE6 /* Osiris.Camera.swift */ = {isa = PBXFileReference; lastKnownFileType = sourcecode.swift; path = Osiris.Camera.swift; sourceTree = "<group>"; };
		8191BB33215A4F010090B8A0 /* TableViewController.swift */ = {isa = PBXFileReference; lastKnownFileType = sourcecode.swift; path = TableViewController.swift; sourceTree = "<group>"; };
		8191BB35215A51770090B8A0 /* ImageRenderingController.swift */ = {isa = PBXFileReference; lastKnownFileType = sourcecode.swift; path = ImageRenderingController.swift; sourceTree = "<group>"; };
		8191BB37215A58B80090B8A0 /* ImageFilteringController.swift */ = {isa = PBXFileReference; lastKnownFileType = sourcecode.swift; path = ImageFilteringController.swift; sourceTree = "<group>"; };
		8191BB3A215A59B60090B8A0 /* CameraController.swift */ = {isa = PBXFileReference; lastKnownFileType = sourcecode.swift; path = CameraController.swift; sourceTree = "<group>"; };
		81A2C607215E0A910038F64A /* Luma.metal */ = {isa = PBXFileReference; lastKnownFileType = sourcecode.metal; path = Luma.metal; sourceTree = "<group>"; };
		81A2C60A215E27770038F64A /* Osiris.Luma.swift */ = {isa = PBXFileReference; lastKnownFileType = sourcecode.swift; path = Osiris.Luma.swift; sourceTree = "<group>"; };
		81A2C60C215E30850038F64A /* Osiris.Invert.swift */ = {isa = PBXFileReference; lastKnownFileType = sourcecode.swift; path = Osiris.Invert.swift; sourceTree = "<group>"; };
		81A2C60E215E30900038F64A /* Invert.metal */ = {isa = PBXFileReference; lastKnownFileType = sourcecode.metal; path = Invert.metal; sourceTree = "<group>"; };
		81A2C612215E63910038F64A /* VideoRangeYUV.metal */ = {isa = PBXFileReference; lastKnownFileType = sourcecode.metal; path = VideoRangeYUV.metal; sourceTree = "<group>"; };
		81D8E65D2143BEE400B395FD /* Osiris.Filter.swift */ = {isa = PBXFileReference; lastKnownFileType = sourcecode.swift; path = Osiris.Filter.swift; sourceTree = "<group>"; };
/* End PBXFileReference section */

/* Begin PBXFrameworksBuildPhase section */
		43557AA3213D77EE001538FA /* Frameworks */ = {
			isa = PBXFrameworksBuildPhase;
			buildActionMask = 2147483647;
			files = (
			);
			runOnlyForDeploymentPostprocessing = 0;
		};
/* End PBXFrameworksBuildPhase section */

/* Begin PBXGroup section */
		43557A9D213D77EE001538FA = {
			isa = PBXGroup;
			children = (
				43557AA8213D77EE001538FA /* Osiris */,
				43557AA7213D77EE001538FA /* Products */,
			);
			sourceTree = "<group>";
		};
		43557AA7213D77EE001538FA /* Products */ = {
			isa = PBXGroup;
			children = (
				43557AA6213D77EE001538FA /* Osiris.app */,
			);
			name = Products;
			sourceTree = "<group>";
		};
		43557AA8213D77EE001538FA /* Osiris */ = {
			isa = PBXGroup;
			children = (
				43557AA9213D77EE001538FA /* AppDelegate.swift */,
				8191BB39215A58CB0090B8A0 /* Example */,
				43557AAD213D77EE001538FA /* Main.storyboard */,
				43116CB121593E8100CC1C9A /* bridge.jpg */,
				43557ABD213D7954001538FA /* Source */,
				43557AB0213D77EF001538FA /* Assets.xcassets */,
				43557AB2213D77EF001538FA /* LaunchScreen.storyboard */,
				43557AB5213D77EF001538FA /* Info.plist */,
			);
			path = Osiris;
			sourceTree = "<group>";
		};
		43557ABD213D7954001538FA /* Source */ = {
			isa = PBXGroup;
			children = (
				43557AC0213D7954001538FA /* Osiris.swift */,
				8166EF06214543160022DEE6 /* Osiris.Camera.swift */,
				43557AC4213D797E001538FA /* OsirisShaderBridge.h */,
				43557ABF213D7954001538FA /* MathLibrary.swift */,
				43557ABE213D7954001538FA /* Shaders.metal */,
				81D8E65D2143BEE400B395FD /* Osiris.Filter.swift */,
				81A2C612215E63910038F64A /* VideoRangeYUV.metal */,
				81A2C610215E3C9C0038F64A /* Luma */,
				81A2C611215E3CAD0038F64A /* Invert */,
			);
			path = Source;
			sourceTree = "<group>";
		};
		8191BB39215A58CB0090B8A0 /* Example */ = {
			isa = PBXGroup;
			children = (
				8191BB33215A4F010090B8A0 /* TableViewController.swift */,
				8191BB35215A51770090B8A0 /* ImageRenderingController.swift */,
				8191BB37215A58B80090B8A0 /* ImageFilteringController.swift */,
				8191BB3A215A59B60090B8A0 /* CameraController.swift */,
			);
			path = Example;
			sourceTree = "<group>";
		};
		81A2C610215E3C9C0038F64A /* Luma */ = {
			isa = PBXGroup;
			children = (
				81A2C607215E0A910038F64A /* Luma.metal */,
				81A2C60A215E27770038F64A /* Osiris.Luma.swift */,
			);
			path = Luma;
			sourceTree = "<group>";
		};
		81A2C611215E3CAD0038F64A /* Invert */ = {
			isa = PBXGroup;
			children = (
				81A2C60E215E30900038F64A /* Invert.metal */,
				81A2C60C215E30850038F64A /* Osiris.Invert.swift */,
			);
			path = Invert;
			sourceTree = "<group>";
		};
/* End PBXGroup section */

/* Begin PBXNativeTarget section */
		43557AA5213D77EE001538FA /* Osiris */ = {
			isa = PBXNativeTarget;
			buildConfigurationList = 43557AB8213D77EF001538FA /* Build configuration list for PBXNativeTarget "Osiris" */;
			buildPhases = (
				43557AA2213D77EE001538FA /* Sources */,
				43557AA3213D77EE001538FA /* Frameworks */,
				43557AA4213D77EE001538FA /* Resources */,
			);
			buildRules = (
			);
			dependencies = (
			);
			name = Osiris;
			productName = Osiris;
			productReference = 43557AA6213D77EE001538FA /* Osiris.app */;
			productType = "com.apple.product-type.application";
		};
/* End PBXNativeTarget section */

/* Begin PBXProject section */
		43557A9E213D77EE001538FA /* Project object */ = {
			isa = PBXProject;
			attributes = {
				LastSwiftUpdateCheck = 1000;
				LastUpgradeCheck = 1000;
				ORGANIZATIONNAME = DC;
				TargetAttributes = {
					43557AA5213D77EE001538FA = {
						CreatedOnToolsVersion = 10.0;
					};
				};
			};
			buildConfigurationList = 43557AA1213D77EE001538FA /* Build configuration list for PBXProject "Osiris" */;
			compatibilityVersion = "Xcode 9.3";
			developmentRegion = en;
			hasScannedForEncodings = 0;
			knownRegions = (
				en,
				Base,
			);
			mainGroup = 43557A9D213D77EE001538FA;
			productRefGroup = 43557AA7213D77EE001538FA /* Products */;
			projectDirPath = "";
			projectRoot = "";
			targets = (
				43557AA5213D77EE001538FA /* Osiris */,
			);
		};
/* End PBXProject section */

/* Begin PBXResourcesBuildPhase section */
		43557AA4213D77EE001538FA /* Resources */ = {
			isa = PBXResourcesBuildPhase;
			buildActionMask = 2147483647;
			files = (
				43116CB221593E8100CC1C9A /* bridge.jpg in Resources */,
				43557AB4213D77EF001538FA /* LaunchScreen.storyboard in Resources */,
				43557AB1213D77EF001538FA /* Assets.xcassets in Resources */,
				43557AAF213D77EE001538FA /* Main.storyboard in Resources */,
			);
			runOnlyForDeploymentPostprocessing = 0;
		};
/* End PBXResourcesBuildPhase section */

/* Begin PBXSourcesBuildPhase section */
		43557AA2213D77EE001538FA /* Sources */ = {
			isa = PBXSourcesBuildPhase;
			buildActionMask = 2147483647;
			files = (
				43557AC1213D7954001538FA /* Shaders.metal in Sources */,
				81A2C608215E0A910038F64A /* Luma.metal in Sources */,
				81D8E65E2143BEE400B395FD /* Osiris.Filter.swift in Sources */,
				8191BB34215A4F010090B8A0 /* TableViewController.swift in Sources */,
				81A2C60D215E30850038F64A /* Osiris.Invert.swift in Sources */,
				81A2C613215E63910038F64A /* VideoRangeYUV.metal in Sources */,
				8191BB38215A58B80090B8A0 /* ImageFilteringController.swift in Sources */,
				8166EF07214543160022DEE6 /* Osiris.Camera.swift in Sources */,
				8191BB3B215A59B60090B8A0 /* CameraController.swift in Sources */,
				43557AAA213D77EE001538FA /* AppDelegate.swift in Sources */,
				8191BB36215A51770090B8A0 /* ImageRenderingController.swift in Sources */,
				81A2C60B215E27770038F64A /* Osiris.Luma.swift in Sources */,
				81A2C60F215E30900038F64A /* Invert.metal in Sources */,
				43557AC3213D7954001538FA /* Osiris.swift in Sources */,
				43557AC2213D7954001538FA /* MathLibrary.swift in Sources */,
			);
			runOnlyForDeploymentPostprocessing = 0;
		};
/* End PBXSourcesBuildPhase section */

/* Begin PBXVariantGroup section */
		43557AAD213D77EE001538FA /* Main.storyboard */ = {
			isa = PBXVariantGroup;
			children = (
				43557AAE213D77EE001538FA /* Base */,
			);
			name = Main.storyboard;
			sourceTree = "<group>";
		};
		43557AB2213D77EF001538FA /* LaunchScreen.storyboard */ = {
			isa = PBXVariantGroup;
			children = (
				43557AB3213D77EF001538FA /* Base */,
			);
			name = LaunchScreen.storyboard;
			sourceTree = "<group>";
		};
/* End PBXVariantGroup section */

/* Begin XCBuildConfiguration section */
		43557AB6213D77EF001538FA /* Debug */ = {
			isa = XCBuildConfiguration;
			buildSettings = {
				ALWAYS_SEARCH_USER_PATHS = NO;
				CLANG_ANALYZER_NONNULL = YES;
				CLANG_ANALYZER_NUMBER_OBJECT_CONVERSION = YES_AGGRESSIVE;
				CLANG_CXX_LANGUAGE_STANDARD = "gnu++14";
				CLANG_CXX_LIBRARY = "libc++";
				CLANG_ENABLE_MODULES = YES;
				CLANG_ENABLE_OBJC_ARC = YES;
				CLANG_ENABLE_OBJC_WEAK = YES;
				CLANG_WARN_BLOCK_CAPTURE_AUTORELEASING = YES;
				CLANG_WARN_BOOL_CONVERSION = YES;
				CLANG_WARN_COMMA = YES;
				CLANG_WARN_CONSTANT_CONVERSION = YES;
				CLANG_WARN_DEPRECATED_OBJC_IMPLEMENTATIONS = YES;
				CLANG_WARN_DIRECT_OBJC_ISA_USAGE = YES_ERROR;
				CLANG_WARN_DOCUMENTATION_COMMENTS = YES;
				CLANG_WARN_EMPTY_BODY = YES;
				CLANG_WARN_ENUM_CONVERSION = YES;
				CLANG_WARN_INFINITE_RECURSION = YES;
				CLANG_WARN_INT_CONVERSION = YES;
				CLANG_WARN_NON_LITERAL_NULL_CONVERSION = YES;
				CLANG_WARN_OBJC_IMPLICIT_RETAIN_SELF = YES;
				CLANG_WARN_OBJC_LITERAL_CONVERSION = YES;
				CLANG_WARN_OBJC_ROOT_CLASS = YES_ERROR;
				CLANG_WARN_RANGE_LOOP_ANALYSIS = YES;
				CLANG_WARN_STRICT_PROTOTYPES = YES;
				CLANG_WARN_SUSPICIOUS_MOVE = YES;
				CLANG_WARN_UNGUARDED_AVAILABILITY = YES_AGGRESSIVE;
				CLANG_WARN_UNREACHABLE_CODE = YES;
				CLANG_WARN__DUPLICATE_METHOD_MATCH = YES;
				CODE_SIGN_IDENTITY = "iPhone Developer";
				COPY_PHASE_STRIP = NO;
				DEBUG_INFORMATION_FORMAT = dwarf;
				ENABLE_STRICT_OBJC_MSGSEND = YES;
				ENABLE_TESTABILITY = YES;
				GCC_C_LANGUAGE_STANDARD = gnu11;
				GCC_DYNAMIC_NO_PIC = NO;
				GCC_NO_COMMON_BLOCKS = YES;
				GCC_OPTIMIZATION_LEVEL = 0;
				GCC_PREPROCESSOR_DEFINITIONS = (
					"DEBUG=1",
					"$(inherited)",
				);
				GCC_WARN_64_TO_32_BIT_CONVERSION = YES;
				GCC_WARN_ABOUT_RETURN_TYPE = YES_ERROR;
				GCC_WARN_UNDECLARED_SELECTOR = YES;
				GCC_WARN_UNINITIALIZED_AUTOS = YES_AGGRESSIVE;
				GCC_WARN_UNUSED_FUNCTION = YES;
				GCC_WARN_UNUSED_VARIABLE = YES;
				IPHONEOS_DEPLOYMENT_TARGET = 12.0;
				MTL_ENABLE_DEBUG_INFO = INCLUDE_SOURCE;
				ONLY_ACTIVE_ARCH = YES;
				SDKROOT = iphoneos;
				SWIFT_ACTIVE_COMPILATION_CONDITIONS = DEBUG;
				SWIFT_OPTIMIZATION_LEVEL = "-Onone";
			};
			name = Debug;
		};
		43557AB7213D77EF001538FA /* Release */ = {
			isa = XCBuildConfiguration;
			buildSettings = {
				ALWAYS_SEARCH_USER_PATHS = NO;
				CLANG_ANALYZER_NONNULL = YES;
				CLANG_ANALYZER_NUMBER_OBJECT_CONVERSION = YES_AGGRESSIVE;
				CLANG_CXX_LANGUAGE_STANDARD = "gnu++14";
				CLANG_CXX_LIBRARY = "libc++";
				CLANG_ENABLE_MODULES = YES;
				CLANG_ENABLE_OBJC_ARC = YES;
				CLANG_ENABLE_OBJC_WEAK = YES;
				CLANG_WARN_BLOCK_CAPTURE_AUTORELEASING = YES;
				CLANG_WARN_BOOL_CONVERSION = YES;
				CLANG_WARN_COMMA = YES;
				CLANG_WARN_CONSTANT_CONVERSION = YES;
				CLANG_WARN_DEPRECATED_OBJC_IMPLEMENTATIONS = YES;
				CLANG_WARN_DIRECT_OBJC_ISA_USAGE = YES_ERROR;
				CLANG_WARN_DOCUMENTATION_COMMENTS = YES;
				CLANG_WARN_EMPTY_BODY = YES;
				CLANG_WARN_ENUM_CONVERSION = YES;
				CLANG_WARN_INFINITE_RECURSION = YES;
				CLANG_WARN_INT_CONVERSION = YES;
				CLANG_WARN_NON_LITERAL_NULL_CONVERSION = YES;
				CLANG_WARN_OBJC_IMPLICIT_RETAIN_SELF = YES;
				CLANG_WARN_OBJC_LITERAL_CONVERSION = YES;
				CLANG_WARN_OBJC_ROOT_CLASS = YES_ERROR;
				CLANG_WARN_RANGE_LOOP_ANALYSIS = YES;
				CLANG_WARN_STRICT_PROTOTYPES = YES;
				CLANG_WARN_SUSPICIOUS_MOVE = YES;
				CLANG_WARN_UNGUARDED_AVAILABILITY = YES_AGGRESSIVE;
				CLANG_WARN_UNREACHABLE_CODE = YES;
				CLANG_WARN__DUPLICATE_METHOD_MATCH = YES;
				CODE_SIGN_IDENTITY = "iPhone Developer";
				COPY_PHASE_STRIP = NO;
				DEBUG_INFORMATION_FORMAT = "dwarf-with-dsym";
				ENABLE_NS_ASSERTIONS = NO;
				ENABLE_STRICT_OBJC_MSGSEND = YES;
				GCC_C_LANGUAGE_STANDARD = gnu11;
				GCC_NO_COMMON_BLOCKS = YES;
				GCC_WARN_64_TO_32_BIT_CONVERSION = YES;
				GCC_WARN_ABOUT_RETURN_TYPE = YES_ERROR;
				GCC_WARN_UNDECLARED_SELECTOR = YES;
				GCC_WARN_UNINITIALIZED_AUTOS = YES_AGGRESSIVE;
				GCC_WARN_UNUSED_FUNCTION = YES;
				GCC_WARN_UNUSED_VARIABLE = YES;
				IPHONEOS_DEPLOYMENT_TARGET = 12.0;
				MTL_ENABLE_DEBUG_INFO = NO;
				SDKROOT = iphoneos;
				SWIFT_COMPILATION_MODE = wholemodule;
				SWIFT_OPTIMIZATION_LEVEL = "-O";
				VALIDATE_PRODUCT = YES;
			};
			name = Release;
		};
		43557AB9213D77EF001538FA /* Debug */ = {
			isa = XCBuildConfiguration;
			buildSettings = {
				ASSETCATALOG_COMPILER_APPICON_NAME = AppIcon;
				CODE_SIGN_IDENTITY = "iPhone Developer";
				CODE_SIGN_STYLE = Automatic;
				DEVELOPMENT_TEAM = 533LUBW3FY;
				INFOPLIST_FILE = Osiris/Info.plist;
				LD_RUNPATH_SEARCH_PATHS = (
					"$(inherited)",
					"@executable_path/Frameworks",
				);
				PRODUCT_BUNDLE_IDENTIFIER = com.Osiris.dc;
				PRODUCT_NAME = "$(TARGET_NAME)";
				PROVISIONING_PROFILE_SPECIFIER = "";
				SWIFT_OBJC_BRIDGING_HEADER = Osiris/Source/OsirisShaderBridge.h;
				SWIFT_VERSION = 4.2;
				TARGETED_DEVICE_FAMILY = "1,2";
			};
			name = Debug;
		};
		43557ABA213D77EF001538FA /* Release */ = {
			isa = XCBuildConfiguration;
			buildSettings = {
				ASSETCATALOG_COMPILER_APPICON_NAME = AppIcon;
				CODE_SIGN_IDENTITY = "iPhone Developer";
				CODE_SIGN_STYLE = Automatic;
				DEVELOPMENT_TEAM = 533LUBW3FY;
				INFOPLIST_FILE = Osiris/Info.plist;
				LD_RUNPATH_SEARCH_PATHS = (
					"$(inherited)",
					"@executable_path/Frameworks",
				);
				PRODUCT_BUNDLE_IDENTIFIER = com.Osiris.dc;
				PRODUCT_NAME = "$(TARGET_NAME)";
				PROVISIONING_PROFILE_SPECIFIER = "";
				SWIFT_OBJC_BRIDGING_HEADER = Osiris/Source/OsirisShaderBridge.h;
				SWIFT_VERSION = 4.2;
				TARGETED_DEVICE_FAMILY = "1,2";
			};
			name = Release;
		};
/* End XCBuildConfiguration section */

/* Begin XCConfigurationList section */
		43557AA1213D77EE001538FA /* Build configuration list for PBXProject "Osiris" */ = {
			isa = XCConfigurationList;
			buildConfigurations = (
				43557AB6213D77EF001538FA /* Debug */,
				43557AB7213D77EF001538FA /* Release */,
			);
			defaultConfigurationIsVisible = 0;
			defaultConfigurationName = Release;
		};
		43557AB8213D77EF001538FA /* Build configuration list for PBXNativeTarget "Osiris" */ = {
			isa = XCConfigurationList;
			buildConfigurations = (
				43557AB9213D77EF001538FA /* Debug */,
				43557ABA213D77EF001538FA /* Release */,
			);
			defaultConfigurationIsVisible = 0;
			defaultConfigurationName = Release;
		};
/* End XCConfigurationList section */
	};
	rootObject = 43557A9E213D77EE001538FA /* Project object */;
}
